// !$*UTF8*$!
{
	archiveVersion = 1;
	classes = {
	};
	objectVersion = 46;
	objects = {

/* Begin PBXBuildFile section */
		045E21111C6473E700C6A6E8 /* YoPollsSDK.h in CopyFiles */ = {isa = PBXBuildFile; fileRef = 045E21101C6473E700C6A6E8 /* YoPollsSDK.h */; };
		045E21131C6473E700C6A6E8 /* YoPollsSDK.m in Sources */ = {isa = PBXBuildFile; fileRef = 045E21121C6473E700C6A6E8 /* YoPollsSDK.m */; };
/* End PBXBuildFile section */

/* Begin PBXCopyFilesBuildPhase section */
		045E210B1C6473E700C6A6E8 /* CopyFiles */ = {
			isa = PBXCopyFilesBuildPhase;
			buildActionMask = 2147483647;
			dstPath = "include/$(PRODUCT_NAME)";
			dstSubfolderSpec = 16;
			files = (
				045E21111C6473E700C6A6E8 /* YoPollsSDK.h in CopyFiles */,
			);
			runOnlyForDeploymentPostprocessing = 0;
		};
/* End PBXCopyFilesBuildPhase section */

/* Begin PBXFileReference section */
		045E210D1C6473E700C6A6E8 /* libYoPollsSDK.a */ = {isa = PBXFileReference; explicitFileType = archive.ar; includeInIndex = 0; path = libYoPollsSDK.a; sourceTree = BUILT_PRODUCTS_DIR; };
		045E21101C6473E700C6A6E8 /* YoPollsSDK.h */ = {isa = PBXFileReference; lastKnownFileType = sourcecode.c.h; path = YoPollsSDK.h; sourceTree = "<group>"; };
		045E21121C6473E700C6A6E8 /* YoPollsSDK.m */ = {isa = PBXFileReference; lastKnownFileType = sourcecode.c.objc; path = YoPollsSDK.m; sourceTree = "<group>"; };
/* End PBXFileReference section */

/* Begin PBXFrameworksBuildPhase section */
		045E210A1C6473E700C6A6E8 /* Frameworks */ = {
			isa = PBXFrameworksBuildPhase;
			buildActionMask = 2147483647;
			files = (
			);
			runOnlyForDeploymentPostprocessing = 0;
		};
/* End PBXFrameworksBuildPhase section */

/* Begin PBXGroup section */
		045E21041C6473E700C6A6E8 = {
			isa = PBXGroup;
			children = (
				045E210F1C6473E700C6A6E8 /* YoPollsSDK */,
				045E210E1C6473E700C6A6E8 /* Products */,
			);
			sourceTree = "<group>";
		};
		045E210E1C6473E700C6A6E8 /* Products */ = {
			isa = PBXGroup;
			children = (
				045E210D1C6473E700C6A6E8 /* libYoPollsSDK.a */,
			);
			name = Products;
			sourceTree = "<group>";
		};
		045E210F1C6473E700C6A6E8 /* YoPollsSDK */ = {
			isa = PBXGroup;
			children = (
				045E21101C6473E700C6A6E8 /* YoPollsSDK.h */,
				045E21121C6473E700C6A6E8 /* YoPollsSDK.m */,
			);
			path = YoPollsSDK;
			sourceTree = "<group>";
		};
/* End PBXGroup section */

/* Begin PBXNativeTarget section */
		045E210C1C6473E700C6A6E8 /* YoPollsSDK */ = {
			isa = PBXNativeTarget;
			buildConfigurationList = 045E21161C6473E700C6A6E8 /* Build configuration list for PBXNativeTarget "YoPollsSDK" */;
			buildPhases = (
				045E21091C6473E700C6A6E8 /* Sources */,
				045E210A1C6473E700C6A6E8 /* Frameworks */,
				045E210B1C6473E700C6A6E8 /* CopyFiles */,
			);
			buildRules = (
			);
			dependencies = (
			);
			name = YoPollsSDK;
			productName = YoPollsSDK;
			productReference = 045E210D1C6473E700C6A6E8 /* libYoPollsSDK.a */;
			productType = "com.apple.product-type.library.static";
		};
/* End PBXNativeTarget section */

/* Begin PBXProject section */
		045E21051C6473E700C6A6E8 /* Project object */ = {
			isa = PBXProject;
			attributes = {
				LastUpgradeCheck = 0720;
				ORGANIZATIONNAME = "Life Before Us, Inc";
				TargetAttributes = {
					045E210C1C6473E700C6A6E8 = {
						CreatedOnToolsVersion = 7.2;
					};
				};
			};
			buildConfigurationList = 045E21081C6473E700C6A6E8 /* Build configuration list for PBXProject "YoPollsSDK" */;
			compatibilityVersion = "Xcode 3.2";
			developmentRegion = English;
			hasScannedForEncodings = 0;
			knownRegions = (
				en,
			);
			mainGroup = 045E21041C6473E700C6A6E8;
			productRefGroup = 045E210E1C6473E700C6A6E8 /* Products */;
			projectDirPath = "";
			projectRoot = "";
			targets = (
				045E210C1C6473E700C6A6E8 /* YoPollsSDK */,
			);
		};
/* End PBXProject section */

/* Begin PBXSourcesBuildPhase section */
		045E21091C6473E700C6A6E8 /* Sources */ = {
			isa = PBXSourcesBuildPhase;
			buildActionMask = 2147483647;
			files = (
				045E21131C6473E700C6A6E8 /* YoPollsSDK.m in Sources */,
			);
			runOnlyForDeploymentPostprocessing = 0;
		};
/* End PBXSourcesBuildPhase section */

/* Begin XCBuildConfiguration section */
		045E21141C6473E700C6A6E8 /* Debug */ = {
			isa = XCBuildConfiguration;
			buildSettings = {
				ALWAYS_SEARCH_USER_PATHS = NO;
				CLANG_CXX_LANGUAGE_STANDARD = "gnu++0x";
				CLANG_CXX_LIBRARY = "libc++";
				CLANG_ENABLE_MODULES = YES;
				CLANG_ENABLE_OBJC_ARC = YES;
				CLANG_WARN_BOOL_CONVERSION = YES;
				CLANG_WARN_CONSTANT_CONVERSION = YES;
				CLANG_WARN_DIRECT_OBJC_ISA_USAGE = YES_ERROR;
				CLANG_WARN_EMPTY_BODY = YES;
				CLANG_WARN_ENUM_CONVERSION = YES;
				CLANG_WARN_INT_CONVERSION = YES;
				CLANG_WARN_OBJC_ROOT_CLASS = YES_ERROR;
				CLANG_WARN_UNREACHABLE_CODE = YES;
				CLANG_WARN__DUPLICATE_METHOD_MATCH = YES;
				"CODE_SIGN_IDENTITY[sdk=iphoneos*]" = "iPhone Developer";
				COPY_PHASE_STRIP = NO;
				DEBUG_INFORMATION_FORMAT = dwarf;
				ENABLE_STRICT_OBJC_MSGSEND = YES;
				ENABLE_TESTABILITY = YES;
				GCC_C_LANGUAGE_STANDARD = gnu99;
				GCC_DYNAMIC_NO_PIC = NO;
				GCC_NO_COMMON_BLOCKS = YES;
				GCC_OPTIMIZATION_LEVEL = 0;
				GCC_PREPROCESSOR_DEFINITIONS = (
					"DEBUG=1",
					"$(inherited)",
				);
				GCC_WARN_64_TO_32_BIT_CONVERSION = YES;
				GCC_WARN_ABOUT_RETURN_TYPE = YES_ERROR;
				GCC_WARN_UNDECLARED_SELECTOR = YES;
				GCC_WARN_UNINITIALIZED_AUTOS = YES_AGGRESSIVE;
				GCC_WARN_UNUSED_FUNCTION = YES;
				GCC_WARN_UNUSED_VARIABLE = YES;
				IPHONEOS_DEPLOYMENT_TARGET = 9.2;
				MTL_ENABLE_DEBUG_INFO = YES;
				ONLY_ACTIVE_ARCH = YES;
				SDKROOT = iphoneos;
			};
			name = Debug;
		};
		045E21151C6473E700C6A6E8 /* Release */ = {
			isa = XCBuildConfiguration;
			buildSettings = {
				ALWAYS_SEARCH_USER_PATHS = NO;
				CLANG_CXX_LANGUAGE_STANDARD = "gnu++0x";
				CLANG_CXX_LIBRARY = "libc++";
				CLANG_ENABLE_MODULES = YES;
				CLANG_ENABLE_OBJC_ARC = YES;
				CLANG_WARN_BOOL_CONVERSION = YES;
				CLANG_WARN_CONSTANT_CONVERSION = YES;
				CLANG_WARN_DIRECT_OBJC_ISA_USAGE = YES_ERROR;
				CLANG_WARN_EMPTY_BODY = YES;
				CLANG_WARN_ENUM_CONVERSION = YES;
				CLANG_WARN_INT_CONVERSION = YES;
				CLANG_WARN_OBJC_ROOT_CLASS = YES_ERROR;
				CLANG_WARN_UNREACHABLE_CODE = YES;
				CLANG_WARN__DUPLICATE_METHOD_MATCH = YES;
				"CODE_SIGN_IDENTITY[sdk=iphoneos*]" = "iPhone Developer";
				COPY_PHASE_STRIP = NO;
				DEBUG_INFORMATION_FORMAT = "dwarf-with-dsym";
				ENABLE_NS_ASSERTIONS = NO;
				ENABLE_STRICT_OBJC_MSGSEND = YES;
				GCC_C_LANGUAGE_STANDARD = gnu99;
				GCC_NO_COMMON_BLOCKS = YES;
				GCC_WARN_64_TO_32_BIT_CONVERSION = YES;
				GCC_WARN_ABOUT_RETURN_TYPE = YES_ERROR;
				GCC_WARN_UNDECLARED_SELECTOR = YES;
				GCC_WARN_UNINITIALIZED_AUTOS = YES_AGGRESSIVE;
				GCC_WARN_UNUSED_FUNCTION = YES;
				GCC_WARN_UNUSED_VARIABLE = YES;
				IPHONEOS_DEPLOYMENT_TARGET = 9.2;
				MTL_ENABLE_DEBUG_INFO = NO;
				SDKROOT = iphoneos;
				VALIDATE_PRODUCT = YES;
			};
			name = Release;
		};
		045E21171C6473E700C6A6E8 /* Debug */ = {
			isa = XCBuildConfiguration;
			buildSettings = {
				OTHER_LDFLAGS = "-ObjC";
				PRODUCT_NAME = "$(TARGET_NAME)";
				SKIP_INSTALL = YES;
			};
			name = Debug;
		};
		045E21181C6473E700C6A6E8 /* Release */ = {
			isa = XCBuildConfiguration;
			buildSettings = {
				OTHER_LDFLAGS = "-ObjC";
				PRODUCT_NAME = "$(TARGET_NAME)";
				SKIP_INSTALL = YES;
			};
			name = Release;
		};
/* End XCBuildConfiguration section */

/* Begin XCConfigurationList section */
		045E21081C6473E700C6A6E8 /* Build configuration list for PBXProject "YoPollsSDK" */ = {
			isa = XCConfigurationList;
			buildConfigurations = (
				045E21141C6473E700C6A6E8 /* Debug */,
				045E21151C6473E700C6A6E8 /* Release */,
			);
			defaultConfigurationIsVisible = 0;
			defaultConfigurationName = Release;
		};
		045E21161C6473E700C6A6E8 /* Build configuration list for PBXNativeTarget "YoPollsSDK" */ = {
			isa = XCConfigurationList;
			buildConfigurations = (
				045E21171C6473E700C6A6E8 /* Debug */,
				045E21181C6473E700C6A6E8 /* Release */,
			);
			defaultConfigurationIsVisible = 0;
		};
/* End XCConfigurationList section */
	};
	rootObject = 045E21051C6473E700C6A6E8 /* Project object */;
}
